# This file is automatically @generated by Cargo.
# It is not intended for manual editing.
version = 4

[[package]]
name = "beskar"
version = "0.1.0"
dependencies = [
 "beskar-core",
 "slate",
]

[[package]]
name = "beskar-core"
version = "0.1.0"
dependencies = [
 "slate",
]

[[package]]
name = "slate"
version = "0.1.0"
