# This file is automatically @generated by Cargo.
# It is not intended for manual editing.
version = 4

[[package]]
name = "beskar-cli"
version = "0.1.0"
dependencies = [
 "beskar-core",
 "bsk",
]

[[package]]
name = "beskar-core"
version = "0.1.0"
dependencies = [
 "bsk",
]

[[package]]
name = "bsk"
version = "0.1.0"
